
Microsoft Visual Studio Solution File, Format Version 12.00
# Visual Studio Version 16
VisualStudioVersion = 16.0.30011.22
MinimumVisualStudioVersion = 10.0.40219.1
Project("{FAE04EC0-301F-11D3-BF4B-00C04F79EFBC}") = "DailyReportSystem", "DailyReportSystem\DailyReportSystem.csproj", "{F8E90FD7-5C81-4467-9476-A52BEB6E80F0}"
EndProject
Global
	GlobalSection(SolutionConfigurationPlatforms) = preSolution
		Debug|Any CPU = Debug|Any CPU
		Release|Any CPU = Release|Any CPU
	EndGlobalSection
	GlobalSection(ProjectConfigurationPlatforms) = postSolution
		{F8E90FD7-5C81-4467-9476-A52BEB6E80F0}.Debug|Any CPU.ActiveCfg = Debug|Any CPU
		{F8E90FD7-5C81-4467-9476-A52BEB6E80F0}.Debug|Any CPU.Build.0 = Debug|Any CPU
		{F8E90FD7-5C81-4467-9476-A52BEB6E80F0}.Release|Any CPU.ActiveCfg = Release|Any CPU
		{F8E90FD7-5C81-4467-9476-A52BEB6E80F0}.Release|Any CPU.Build.0 = Release|Any CPU
	EndGlobalSection
	GlobalSection(SolutionProperties) = preSolution
		HideSolutionNode = FALSE
	EndGlobalSection
	GlobalSection(ExtensibilityGlobals) = postSolution
		SolutionGuid = {1FB59CA8-2B3C-4111-B68E-CAFD93CDFE6D}
	EndGlobalSection
EndGlobal
